
Microsoft Visual Studio Solution File, Format Version 12.00
# Visual Studio 2012
Project("{FAE04EC0-301F-11D3-BF4B-00C04F79EFBC}") = "BRApplication", "BRApplication\BRApplication.csproj", "{6893FC19-572F-4742-A078-5EC0864F2A73}"
EndProject
Global
	GlobalSection(SolutionConfigurationPlatforms) = preSolution
		Debug|Any CPU = Debug|Any CPU
		Release|Any CPU = Release|Any CPU
	EndGlobalSection
	GlobalSection(ProjectConfigurationPlatforms) = postSolution
		{6893FC19-572F-4742-A078-5EC0864F2A73}.Debug|Any CPU.ActiveCfg = Debug|Any CPU
		{6893FC19-572F-4742-A078-5EC0864F2A73}.Debug|Any CPU.Build.0 = Debug|Any CPU
		{6893FC19-572F-4742-A078-5EC0864F2A73}.Release|Any CPU.ActiveCfg = Release|Any CPU
		{6893FC19-572F-4742-A078-5EC0864F2A73}.Release|Any CPU.Build.0 = Release|Any CPU
	EndGlobalSection
	GlobalSection(SolutionProperties) = preSolution
		HideSolutionNode = FALSE
	EndGlobalSection
EndGlobal
